
Microsoft Visual Studio Solution File, Format Version 12.00
# Visual Studio Version 17
VisualStudioVersion = 17.14.36414.22 d17.14
MinimumVisualStudioVersion = 10.0.40219.1
Project("{FAE04EC0-301F-11D3-BF4B-00C04F79EFBC}") = "øvelser 18-09", "øvelser 18-09\øvelser 18-09.csproj", "{DAF0E3AB-9DD0-485B-82FA-1155C8A15A7A}"
EndProject
Project("{FAE04EC0-301F-11D3-BF4B-00C04F79EFBC}") = "MenuSystem", "MenuSystem\MenuSystem.csproj", "{F172DFEA-1F64-4520-BDAA-F63C3D505E73}"
EndProject
Global
	GlobalSection(SolutionConfigurationPlatforms) = preSolution
		Debug|Any CPU = Debug|Any CPU
		Release|Any CPU = Release|Any CPU
	EndGlobalSection
	GlobalSection(ProjectConfigurationPlatforms) = postSolution
		{DAF0E3AB-9DD0-485B-82FA-1155C8A15A7A}.Debug|Any CPU.ActiveCfg = Debug|Any CPU
		{DAF0E3AB-9DD0-485B-82FA-1155C8A15A7A}.Debug|Any CPU.Build.0 = Debug|Any CPU
		{DAF0E3AB-9DD0-485B-82FA-1155C8A15A7A}.Release|Any CPU.ActiveCfg = Release|Any CPU
		{DAF0E3AB-9DD0-485B-82FA-1155C8A15A7A}.Release|Any CPU.Build.0 = Release|Any CPU
		{F172DFEA-1F64-4520-BDAA-F63C3D505E73}.Debug|Any CPU.ActiveCfg = Debug|Any CPU
		{F172DFEA-1F64-4520-BDAA-F63C3D505E73}.Debug|Any CPU.Build.0 = Debug|Any CPU
		{F172DFEA-1F64-4520-BDAA-F63C3D505E73}.Release|Any CPU.ActiveCfg = Release|Any CPU
		{F172DFEA-1F64-4520-BDAA-F63C3D505E73}.Release|Any CPU.Build.0 = Release|Any CPU
	EndGlobalSection
	GlobalSection(SolutionProperties) = preSolution
		HideSolutionNode = FALSE
	EndGlobalSection
	GlobalSection(ExtensibilityGlobals) = postSolution
		SolutionGuid = {704086AA-9781-473A-827E-3547A733C6AE}
	EndGlobalSection
EndGlobal
